// !$*UTF8*$!
{
	archiveVersion = 1;
	classes = {
	};
	objectVersion = 55;
	objects = {

/* Begin PBXBuildFile section */
		4616E5E329147B8F00D6F1BE /* NewsDetailsViewController.swift in Sources */ = {isa = PBXBuildFile; fileRef = 4616E5E229147B8F00D6F1BE /* NewsDetailsViewController.swift */; };
		465261F52913388E0011F110 /* ArticlesCevap.swift in Sources */ = {isa = PBXBuildFile; fileRef = 465261F42913388E0011F110 /* ArticlesCevap.swift */; };
		46573791291327F40035E5DE /* AppDelegate.swift in Sources */ = {isa = PBXBuildFile; fileRef = 46573790291327F40035E5DE /* AppDelegate.swift */; };
		46573793291327F40035E5DE /* SceneDelegate.swift in Sources */ = {isa = PBXBuildFile; fileRef = 46573792291327F40035E5DE /* SceneDelegate.swift */; };
		46573795291327F40035E5DE /* NewsViewController.swift in Sources */ = {isa = PBXBuildFile; fileRef = 46573794291327F40035E5DE /* NewsViewController.swift */; };
		46573798291327F40035E5DE /* Main.storyboard in Resources */ = {isa = PBXBuildFile; fileRef = 46573796291327F40035E5DE /* Main.storyboard */; };
		4657379A291327F70035E5DE /* Assets.xcassets in Resources */ = {isa = PBXBuildFile; fileRef = 46573799291327F70035E5DE /* Assets.xcassets */; };
		4657379D291327F70035E5DE /* LaunchScreen.storyboard in Resources */ = {isa = PBXBuildFile; fileRef = 4657379B291327F70035E5DE /* LaunchScreen.storyboard */; };
		465737AE29132DFA0035E5DE /* NewsTableViewCell.swift in Sources */ = {isa = PBXBuildFile; fileRef = 465737AD29132DFA0035E5DE /* NewsTableViewCell.swift */; };
		465737B1291330460035E5DE /* Alamofire in Frameworks */ = {isa = PBXBuildFile; productRef = 465737B0291330460035E5DE /* Alamofire */; };
		465737B52913347F0035E5DE /* Source.swift in Sources */ = {isa = PBXBuildFile; fileRef = 465737B42913347F0035E5DE /* Source.swift */; };
		465737B7291335010035E5DE /* Articles.swift in Sources */ = {isa = PBXBuildFile; fileRef = 465737B6291335010035E5DE /* Articles.swift */; };
		46ABBD74291495B0003C14FA /* LanguageTableViewCell.swift in Sources */ = {isa = PBXBuildFile; fileRef = 46ABBD73291495B0003C14FA /* LanguageTableViewCell.swift */; };
		46F1179729148FA00097862B /* LanguageViewController.swift in Sources */ = {isa = PBXBuildFile; fileRef = 46F1179629148F9F0097862B /* LanguageViewController.swift */; };
/* End PBXBuildFile section */

/* Begin PBXFileReference section */
		4616E5E229147B8F00D6F1BE /* NewsDetailsViewController.swift */ = {isa = PBXFileReference; lastKnownFileType = sourcecode.swift; path = NewsDetailsViewController.swift; sourceTree = "<group>"; };
		465261F42913388E0011F110 /* ArticlesCevap.swift */ = {isa = PBXFileReference; lastKnownFileType = sourcecode.swift; path = ArticlesCevap.swift; sourceTree = "<group>"; };
		4657378D291327F40035E5DE /* NewsApi.app */ = {isa = PBXFileReference; explicitFileType = wrapper.application; includeInIndex = 0; path = NewsApi.app; sourceTree = BUILT_PRODUCTS_DIR; };
		46573790291327F40035E5DE /* AppDelegate.swift */ = {isa = PBXFileReference; lastKnownFileType = sourcecode.swift; path = AppDelegate.swift; sourceTree = "<group>"; };
		46573792291327F40035E5DE /* SceneDelegate.swift */ = {isa = PBXFileReference; lastKnownFileType = sourcecode.swift; path = SceneDelegate.swift; sourceTree = "<group>"; };
		46573794291327F40035E5DE /* NewsViewController.swift */ = {isa = PBXFileReference; lastKnownFileType = sourcecode.swift; path = NewsViewController.swift; sourceTree = "<group>"; };
		46573797291327F40035E5DE /* Base */ = {isa = PBXFileReference; lastKnownFileType = file.storyboard; name = Base; path = Base.lproj/Main.storyboard; sourceTree = "<group>"; };
		46573799291327F70035E5DE /* Assets.xcassets */ = {isa = PBXFileReference; lastKnownFileType = folder.assetcatalog; path = Assets.xcassets; sourceTree = "<group>"; };
		4657379C291327F70035E5DE /* Base */ = {isa = PBXFileReference; lastKnownFileType = file.storyboard; name = Base; path = Base.lproj/LaunchScreen.storyboard; sourceTree = "<group>"; };
		4657379E291327F70035E5DE /* Info.plist */ = {isa = PBXFileReference; lastKnownFileType = text.plist.xml; path = Info.plist; sourceTree = "<group>"; };
		465737AD29132DFA0035E5DE /* NewsTableViewCell.swift */ = {isa = PBXFileReference; lastKnownFileType = sourcecode.swift; path = NewsTableViewCell.swift; sourceTree = "<group>"; };
		465737B42913347F0035E5DE /* Source.swift */ = {isa = PBXFileReference; lastKnownFileType = sourcecode.swift; path = Source.swift; sourceTree = "<group>"; };
		465737B6291335010035E5DE /* Articles.swift */ = {isa = PBXFileReference; lastKnownFileType = sourcecode.swift; path = Articles.swift; sourceTree = "<group>"; };
		46ABBD73291495B0003C14FA /* LanguageTableViewCell.swift */ = {isa = PBXFileReference; lastKnownFileType = sourcecode.swift; path = LanguageTableViewCell.swift; sourceTree = "<group>"; };
		46F1179629148F9F0097862B /* LanguageViewController.swift */ = {isa = PBXFileReference; lastKnownFileType = sourcecode.swift; path = LanguageViewController.swift; sourceTree = "<group>"; };
/* End PBXFileReference section */

/* Begin PBXFrameworksBuildPhase section */
		4657378A291327F40035E5DE /* Frameworks */ = {
			isa = PBXFrameworksBuildPhase;
			buildActionMask = 2147483647;
			files = (
				465737B1291330460035E5DE /* Alamofire in Frameworks */,
			);
			runOnlyForDeploymentPostprocessing = 0;
		};
/* End PBXFrameworksBuildPhase section */

/* Begin PBXGroup section */
		46573784291327F40035E5DE = {
			isa = PBXGroup;
			children = (
				4657378F291327F40035E5DE /* News */,
				4657378E291327F40035E5DE /* Products */,
			);
			sourceTree = "<group>";
		};
		4657378E291327F40035E5DE /* Products */ = {
			isa = PBXGroup;
			children = (
				4657378D291327F40035E5DE /* NewsApi.app */,
			);
			name = Products;
			sourceTree = "<group>";
		};
		4657378F291327F40035E5DE /* News */ = {
			isa = PBXGroup;
			children = (
				46573790291327F40035E5DE /* AppDelegate.swift */,
				46573792291327F40035E5DE /* SceneDelegate.swift */,
				46573794291327F40035E5DE /* NewsViewController.swift */,
				465737AD29132DFA0035E5DE /* NewsTableViewCell.swift */,
				4616E5E229147B8F00D6F1BE /* NewsDetailsViewController.swift */,
				46F1179629148F9F0097862B /* LanguageViewController.swift */,
				46ABBD73291495B0003C14FA /* LanguageTableViewCell.swift */,
				465737B3291334670035E5DE /* Models */,
				46573796291327F40035E5DE /* Main.storyboard */,
				46573799291327F70035E5DE /* Assets.xcassets */,
				4657379B291327F70035E5DE /* LaunchScreen.storyboard */,
				4657379E291327F70035E5DE /* Info.plist */,
			);
			path = News;
			sourceTree = "<group>";
		};
		465737B3291334670035E5DE /* Models */ = {
			isa = PBXGroup;
			children = (
				465261F42913388E0011F110 /* ArticlesCevap.swift */,
				465737B6291335010035E5DE /* Articles.swift */,
				465737B42913347F0035E5DE /* Source.swift */,
			);
			path = Models;
			sourceTree = "<group>";
		};
/* End PBXGroup section */

/* Begin PBXNativeTarget section */
		4657378C291327F40035E5DE /* NewsApi */ = {
			isa = PBXNativeTarget;
			buildConfigurationList = 465737A1291327F70035E5DE /* Build configuration list for PBXNativeTarget "NewsApi" */;
			buildPhases = (
				46573789291327F40035E5DE /* Sources */,
				4657378A291327F40035E5DE /* Frameworks */,
				4657378B291327F40035E5DE /* Resources */,
			);
			buildRules = (
			);
			dependencies = (
			);
			name = NewsApi;
			packageProductDependencies = (
				465737B0291330460035E5DE /* Alamofire */,
			);
			productName = News;
			productReference = 4657378D291327F40035E5DE /* NewsApi.app */;
			productType = "com.apple.product-type.application";
		};
/* End PBXNativeTarget section */

/* Begin PBXProject section */
		46573785291327F40035E5DE /* Project object */ = {
			isa = PBXProject;
			attributes = {
				BuildIndependentTargetsInParallel = 1;
				LastSwiftUpdateCheck = 1340;
				LastUpgradeCheck = 1340;
				TargetAttributes = {
					4657378C291327F40035E5DE = {
						CreatedOnToolsVersion = 13.4.1;
					};
				};
			};
			buildConfigurationList = 46573788291327F40035E5DE /* Build configuration list for PBXProject "NewsApi" */;
			compatibilityVersion = "Xcode 13.0";
			developmentRegion = en;
			hasScannedForEncodings = 0;
			knownRegions = (
				en,
				Base,
			);
			mainGroup = 46573784291327F40035E5DE;
			packageReferences = (
				465737AF291330460035E5DE /* XCRemoteSwiftPackageReference "Alamofire" */,
			);
			productRefGroup = 4657378E291327F40035E5DE /* Products */;
			projectDirPath = "";
			projectRoot = "";
			targets = (
				4657378C291327F40035E5DE /* NewsApi */,
			);
		};
/* End PBXProject section */

/* Begin PBXResourcesBuildPhase section */
		4657378B291327F40035E5DE /* Resources */ = {
			isa = PBXResourcesBuildPhase;
			buildActionMask = 2147483647;
			files = (
				4657379D291327F70035E5DE /* LaunchScreen.storyboard in Resources */,
				4657379A291327F70035E5DE /* Assets.xcassets in Resources */,
				46573798291327F40035E5DE /* Main.storyboard in Resources */,
			);
			runOnlyForDeploymentPostprocessing = 0;
		};
/* End PBXResourcesBuildPhase section */

/* Begin PBXSourcesBuildPhase section */
		46573789291327F40035E5DE /* Sources */ = {
			isa = PBXSourcesBuildPhase;
			buildActionMask = 2147483647;
			files = (
				465261F52913388E0011F110 /* ArticlesCevap.swift in Sources */,
				465737AE29132DFA0035E5DE /* NewsTableViewCell.swift in Sources */,
				46573795291327F40035E5DE /* NewsViewController.swift in Sources */,
				4616E5E329147B8F00D6F1BE /* NewsDetailsViewController.swift in Sources */,
				46573791291327F40035E5DE /* AppDelegate.swift in Sources */,
				46ABBD74291495B0003C14FA /* LanguageTableViewCell.swift in Sources */,
				465737B52913347F0035E5DE /* Source.swift in Sources */,
				46F1179729148FA00097862B /* LanguageViewController.swift in Sources */,
				465737B7291335010035E5DE /* Articles.swift in Sources */,
				46573793291327F40035E5DE /* SceneDelegate.swift in Sources */,
			);
			runOnlyForDeploymentPostprocessing = 0;
		};
/* End PBXSourcesBuildPhase section */

/* Begin PBXVariantGroup section */
		46573796291327F40035E5DE /* Main.storyboard */ = {
			isa = PBXVariantGroup;
			children = (
				46573797291327F40035E5DE /* Base */,
			);
			name = Main.storyboard;
			sourceTree = "<group>";
		};
		4657379B291327F70035E5DE /* LaunchScreen.storyboard */ = {
			isa = PBXVariantGroup;
			children = (
				4657379C291327F70035E5DE /* Base */,
			);
			name = LaunchScreen.storyboard;
			sourceTree = "<group>";
		};
/* End PBXVariantGroup section */

/* Begin XCBuildConfiguration section */
		4657379F291327F70035E5DE /* Debug */ = {
			isa = XCBuildConfiguration;
			buildSettings = {
				ALWAYS_SEARCH_USER_PATHS = NO;
				CLANG_ANALYZER_NONNULL = YES;
				CLANG_ANALYZER_NUMBER_OBJECT_CONVERSION = YES_AGGRESSIVE;
				CLANG_CXX_LANGUAGE_STANDARD = "gnu++17";
				CLANG_ENABLE_MODULES = YES;
				CLANG_ENABLE_OBJC_ARC = YES;
				CLANG_ENABLE_OBJC_WEAK = YES;
				CLANG_WARN_BLOCK_CAPTURE_AUTORELEASING = YES;
				CLANG_WARN_BOOL_CONVERSION = YES;
				CLANG_WARN_COMMA = YES;
				CLANG_WARN_CONSTANT_CONVERSION = YES;
				CLANG_WARN_DEPRECATED_OBJC_IMPLEMENTATIONS = YES;
				CLANG_WARN_DIRECT_OBJC_ISA_USAGE = YES_ERROR;
				CLANG_WARN_DOCUMENTATION_COMMENTS = YES;
				CLANG_WARN_EMPTY_BODY = YES;
				CLANG_WARN_ENUM_CONVERSION = YES;
				CLANG_WARN_INFINITE_RECURSION = YES;
				CLANG_WARN_INT_CONVERSION = YES;
				CLANG_WARN_NON_LITERAL_NULL_CONVERSION = YES;
				CLANG_WARN_OBJC_IMPLICIT_RETAIN_SELF = YES;
				CLANG_WARN_OBJC_LITERAL_CONVERSION = YES;
				CLANG_WARN_OBJC_ROOT_CLASS = YES_ERROR;
				CLANG_WARN_QUOTED_INCLUDE_IN_FRAMEWORK_HEADER = YES;
				CLANG_WARN_RANGE_LOOP_ANALYSIS = YES;
				CLANG_WARN_STRICT_PROTOTYPES = YES;
				CLANG_WARN_SUSPICIOUS_MOVE = YES;
				CLANG_WARN_UNGUARDED_AVAILABILITY = YES_AGGRESSIVE;
				CLANG_WARN_UNREACHABLE_CODE = YES;
				CLANG_WARN__DUPLICATE_METHOD_MATCH = YES;
				COPY_PHASE_STRIP = NO;
				DEBUG_INFORMATION_FORMAT = dwarf;
				ENABLE_STRICT_OBJC_MSGSEND = YES;
				ENABLE_TESTABILITY = YES;
				GCC_C_LANGUAGE_STANDARD = gnu11;
				GCC_DYNAMIC_NO_PIC = NO;
				GCC_NO_COMMON_BLOCKS = YES;
				GCC_OPTIMIZATION_LEVEL = 0;
				GCC_PREPROCESSOR_DEFINITIONS = (
					"DEBUG=1",
					"$(inherited)",
				);
				GCC_WARN_64_TO_32_BIT_CONVERSION = YES;
				GCC_WARN_ABOUT_RETURN_TYPE = YES_ERROR;
				GCC_WARN_UNDECLARED_SELECTOR = YES;
				GCC_WARN_UNINITIALIZED_AUTOS = YES_AGGRESSIVE;
				GCC_WARN_UNUSED_FUNCTION = YES;
				GCC_WARN_UNUSED_VARIABLE = YES;
				IPHONEOS_DEPLOYMENT_TARGET = 15.5;
				MTL_ENABLE_DEBUG_INFO = INCLUDE_SOURCE;
				MTL_FAST_MATH = YES;
				ONLY_ACTIVE_ARCH = YES;
				SDKROOT = iphoneos;
				SWIFT_ACTIVE_COMPILATION_CONDITIONS = DEBUG;
				SWIFT_OPTIMIZATION_LEVEL = "-Onone";
			};
			name = Debug;
		};
		465737A0291327F70035E5DE /* Release */ = {
			isa = XCBuildConfiguration;
			buildSettings = {
				ALWAYS_SEARCH_USER_PATHS = NO;
				CLANG_ANALYZER_NONNULL = YES;
				CLANG_ANALYZER_NUMBER_OBJECT_CONVERSION = YES_AGGRESSIVE;
				CLANG_CXX_LANGUAGE_STANDARD = "gnu++17";
				CLANG_ENABLE_MODULES = YES;
				CLANG_ENABLE_OBJC_ARC = YES;
				CLANG_ENABLE_OBJC_WEAK = YES;
				CLANG_WARN_BLOCK_CAPTURE_AUTORELEASING = YES;
				CLANG_WARN_BOOL_CONVERSION = YES;
				CLANG_WARN_COMMA = YES;
				CLANG_WARN_CONSTANT_CONVERSION = YES;
				CLANG_WARN_DEPRECATED_OBJC_IMPLEMENTATIONS = YES;
				CLANG_WARN_DIRECT_OBJC_ISA_USAGE = YES_ERROR;
				CLANG_WARN_DOCUMENTATION_COMMENTS = YES;
				CLANG_WARN_EMPTY_BODY = YES;
				CLANG_WARN_ENUM_CONVERSION = YES;
				CLANG_WARN_INFINITE_RECURSION = YES;
				CLANG_WARN_INT_CONVERSION = YES;
				CLANG_WARN_NON_LITERAL_NULL_CONVERSION = YES;
				CLANG_WARN_OBJC_IMPLICIT_RETAIN_SELF = YES;
				CLANG_WARN_OBJC_LITERAL_CONVERSION = YES;
				CLANG_WARN_OBJC_ROOT_CLASS = YES_ERROR;
				CLANG_WARN_QUOTED_INCLUDE_IN_FRAMEWORK_HEADER = YES;
				CLANG_WARN_RANGE_LOOP_ANALYSIS = YES;
				CLANG_WARN_STRICT_PROTOTYPES = YES;
				CLANG_WARN_SUSPICIOUS_MOVE = YES;
				CLANG_WARN_UNGUARDED_AVAILABILITY = YES_AGGRESSIVE;
				CLANG_WARN_UNREACHABLE_CODE = YES;
				CLANG_WARN__DUPLICATE_METHOD_MATCH = YES;
				COPY_PHASE_STRIP = NO;
				DEBUG_INFORMATION_FORMAT = "dwarf-with-dsym";
				ENABLE_NS_ASSERTIONS = NO;
				ENABLE_STRICT_OBJC_MSGSEND = YES;
				GCC_C_LANGUAGE_STANDARD = gnu11;
				GCC_NO_COMMON_BLOCKS = YES;
				GCC_WARN_64_TO_32_BIT_CONVERSION = YES;
				GCC_WARN_ABOUT_RETURN_TYPE = YES_ERROR;
				GCC_WARN_UNDECLARED_SELECTOR = YES;
				GCC_WARN_UNINITIALIZED_AUTOS = YES_AGGRESSIVE;
				GCC_WARN_UNUSED_FUNCTION = YES;
				GCC_WARN_UNUSED_VARIABLE = YES;
				IPHONEOS_DEPLOYMENT_TARGET = 15.5;
				MTL_ENABLE_DEBUG_INFO = NO;
				MTL_FAST_MATH = YES;
				SDKROOT = iphoneos;
				SWIFT_COMPILATION_MODE = wholemodule;
				SWIFT_OPTIMIZATION_LEVEL = "-O";
				VALIDATE_PRODUCT = YES;
			};
			name = Release;
		};
		465737A2291327F70035E5DE /* Debug */ = {
			isa = XCBuildConfiguration;
			buildSettings = {
				ASSETCATALOG_COMPILER_APPICON_NAME = AppIcon;
				ASSETCATALOG_COMPILER_GLOBAL_ACCENT_COLOR_NAME = AccentColor;
				CODE_SIGN_STYLE = Automatic;
				CURRENT_PROJECT_VERSION = 1;
				DEVELOPMENT_TEAM = 9G7B4YDXYH;
				GENERATE_INFOPLIST_FILE = YES;
				INFOPLIST_FILE = News/Info.plist;
				INFOPLIST_KEY_UIApplicationSupportsIndirectInputEvents = YES;
				INFOPLIST_KEY_UILaunchStoryboardName = LaunchScreen;
				INFOPLIST_KEY_UIMainStoryboardFile = Main;
				INFOPLIST_KEY_UISupportedInterfaceOrientations_iPad = "UIInterfaceOrientationPortrait UIInterfaceOrientationPortraitUpsideDown UIInterfaceOrientationLandscapeLeft UIInterfaceOrientationLandscapeRight";
				INFOPLIST_KEY_UISupportedInterfaceOrientations_iPhone = "UIInterfaceOrientationPortrait UIInterfaceOrientationLandscapeLeft UIInterfaceOrientationLandscapeRight";
				LD_RUNPATH_SEARCH_PATHS = (
					"$(inherited)",
					"@executable_path/Frameworks",
				);
				MARKETING_VERSION = 1.0;
				PRODUCT_BUNDLE_IDENTIFIER = com.murathaslak.News;
				PRODUCT_NAME = "$(TARGET_NAME)";
				SWIFT_EMIT_LOC_STRINGS = YES;
				SWIFT_VERSION = 5.0;
				TARGETED_DEVICE_FAMILY = "1,2";
			};
			name = Debug;
		};
		465737A3291327F70035E5DE /* Release */ = {
			isa = XCBuildConfiguration;
			buildSettings = {
				ASSETCATALOG_COMPILER_APPICON_NAME = AppIcon;
				ASSETCATALOG_COMPILER_GLOBAL_ACCENT_COLOR_NAME = AccentColor;
				CODE_SIGN_STYLE = Automatic;
				CURRENT_PROJECT_VERSION = 1;
				DEVELOPMENT_TEAM = 9G7B4YDXYH;
				GENERATE_INFOPLIST_FILE = YES;
				INFOPLIST_FILE = News/Info.plist;
				INFOPLIST_KEY_UIApplicationSupportsIndirectInputEvents = YES;
				INFOPLIST_KEY_UILaunchStoryboardName = LaunchScreen;
				INFOPLIST_KEY_UIMainStoryboardFile = Main;
				INFOPLIST_KEY_UISupportedInterfaceOrientations_iPad = "UIInterfaceOrientationPortrait UIInterfaceOrientationPortraitUpsideDown UIInterfaceOrientationLandscapeLeft UIInterfaceOrientationLandscapeRight";
				INFOPLIST_KEY_UISupportedInterfaceOrientations_iPhone = "UIInterfaceOrientationPortrait UIInterfaceOrientationLandscapeLeft UIInterfaceOrientationLandscapeRight";
				LD_RUNPATH_SEARCH_PATHS = (
					"$(inherited)",
					"@executable_path/Frameworks",
				);
				MARKETING_VERSION = 1.0;
				PRODUCT_BUNDLE_IDENTIFIER = com.murathaslak.News;
				PRODUCT_NAME = "$(TARGET_NAME)";
				SWIFT_EMIT_LOC_STRINGS = YES;
				SWIFT_VERSION = 5.0;
				TARGETED_DEVICE_FAMILY = "1,2";
			};
			name = Release;
		};
/* End XCBuildConfiguration section */

/* Begin XCConfigurationList section */
		46573788291327F40035E5DE /* Build configuration list for PBXProject "NewsApi" */ = {
			isa = XCConfigurationList;
			buildConfigurations = (
				4657379F291327F70035E5DE /* Debug */,
				465737A0291327F70035E5DE /* Release */,
			);
			defaultConfigurationIsVisible = 0;
			defaultConfigurationName = Release;
		};
		465737A1291327F70035E5DE /* Build configuration list for PBXNativeTarget "NewsApi" */ = {
			isa = XCConfigurationList;
			buildConfigurations = (
				465737A2291327F70035E5DE /* Debug */,
				465737A3291327F70035E5DE /* Release */,
			);
			defaultConfigurationIsVisible = 0;
			defaultConfigurationName = Release;
		};
/* End XCConfigurationList section */

/* Begin XCRemoteSwiftPackageReference section */
		465737AF291330460035E5DE /* XCRemoteSwiftPackageReference "Alamofire" */ = {
			isa = XCRemoteSwiftPackageReference;
			repositoryURL = "https://github.com/Alamofire/Alamofire.git";
			requirement = {
				branch = master;
				kind = branch;
			};
		};
/* End XCRemoteSwiftPackageReference section */

/* Begin XCSwiftPackageProductDependency section */
		465737B0291330460035E5DE /* Alamofire */ = {
			isa = XCSwiftPackageProductDependency;
			package = 465737AF291330460035E5DE /* XCRemoteSwiftPackageReference "Alamofire" */;
			productName = Alamofire;
		};
/* End XCSwiftPackageProductDependency section */
	};
	rootObject = 46573785291327F40035E5DE /* Project object */;
}
